// !$*UTF8*$!
{
	archiveVersion = 1;
	classes = {
	};
	objectVersion = 50;
	objects = {

/* Begin PBXBuildFile section */
		1F0172FD268161FC00D167A7 /* HTTPLoader.swift in Sources */ = {isa = PBXBuildFile; fileRef = 1F0172FC268161FC00D167A7 /* HTTPLoader.swift */; };
		1F0172FF2681620200D167A7 /* VideoLoader.swift in Sources */ = {isa = PBXBuildFile; fileRef = 1F0172FE2681620200D167A7 /* VideoLoader.swift */; };
		1F0173272681ACEE00D167A7 /* HTTPLoaderTests.swift in Sources */ = {isa = PBXBuildFile; fileRef = 1F0173262681ACEE00D167A7 /* HTTPLoaderTests.swift */; };
		1F089DFE26B93ED400B01B62 /* PlayerInfo.swift in Sources */ = {isa = PBXBuildFile; fileRef = 1F089DFD26B93ED400B01B62 /* PlayerInfo.swift */; };
		1F089E0026B93EFB00B01B62 /* PlayerObserver.swift in Sources */ = {isa = PBXBuildFile; fileRef = 1F089DFF26B93EFB00B01B62 /* PlayerObserver.swift */; };
		1FC9F5222684584500EB5865 /* HTTPFileLoader.swift in Sources */ = {isa = PBXBuildFile; fileRef = 1FC9F5212684584500EB5865 /* HTTPFileLoader.swift */; };
		1FC9F524268468B900EB5865 /* HTTPRequest.swift in Sources */ = {isa = PBXBuildFile; fileRef = 1FC9F523268468B900EB5865 /* HTTPRequest.swift */; };
		1FC9F526268482C700EB5865 /* VideoCollectionViewModel.swift in Sources */ = {isa = PBXBuildFile; fileRef = 1FC9F525268482C700EB5865 /* VideoCollectionViewModel.swift */; };
		1FC9F5282684875D00EB5865 /* VideoCache.swift in Sources */ = {isa = PBXBuildFile; fileRef = 1FC9F5272684875D00EB5865 /* VideoCache.swift */; };
		1FC9F52A26861EAF00EB5865 /* PlayerManager.swift in Sources */ = {isa = PBXBuildFile; fileRef = 1FC9F52926861EAF00EB5865 /* PlayerManager.swift */; };
		1FF2E87D26B291D3004DDC1C /* VideoCollectionViewModelOld.swift in Sources */ = {isa = PBXBuildFile; fileRef = 1FF2E87C26B291D3004DDC1C /* VideoCollectionViewModelOld.swift */; };
		9229FBD52660F4D5009BA67D /* HomeViewController.swift in Sources */ = {isa = PBXBuildFile; fileRef = 9229FBD42660F4D5009BA67D /* HomeViewController.swift */; };
		9230751E265B664700D411B2 /* AppDelegate.swift in Sources */ = {isa = PBXBuildFile; fileRef = 9230751D265B664700D411B2 /* AppDelegate.swift */; };
		9230752A265B664800D411B2 /* LaunchScreen.storyboard in Resources */ = {isa = PBXBuildFile; fileRef = 92307528265B664800D411B2 /* LaunchScreen.storyboard */; };
		9230753A265B997D00D411B2 /* FeedUIImageCollectionView.swift in Sources */ = {isa = PBXBuildFile; fileRef = 92307539265B997D00D411B2 /* FeedUIImageCollectionView.swift */; };
		9230753C265B9A9D00D411B2 /* PinterestLayout.swift in Sources */ = {isa = PBXBuildFile; fileRef = 9230753B265B9A9D00D411B2 /* PinterestLayout.swift */; };
		9230753E265B9B9500D411B2 /* FeedUIImageCell.swift in Sources */ = {isa = PBXBuildFile; fileRef = 9230753D265B9B9500D411B2 /* FeedUIImageCell.swift */; };
		92307545265C9B7A00D411B2 /* Assets.xcassets in Resources */ = {isa = PBXBuildFile; fileRef = 92307543265C9B7A00D411B2 /* Assets.xcassets */; };
		92307573265E22FB00D411B2 /* FeedUIController.swift in Sources */ = {isa = PBXBuildFile; fileRef = 92307572265E22FB00D411B2 /* FeedUIController.swift */; };
		92307575265E23E800D411B2 /* FeedUIHeaderStackView.swift in Sources */ = {isa = PBXBuildFile; fileRef = 92307574265E23E800D411B2 /* FeedUIHeaderStackView.swift */; };
		924262EA268CAFC5003374F3 /* C.swift in Sources */ = {isa = PBXBuildFile; fileRef = 924262E9268CAFC5003374F3 /* C.swift */; };
		924262EC268CB15E003374F3 /* FeedUIHeaderViewModel.swift in Sources */ = {isa = PBXBuildFile; fileRef = 924262EB268CB15E003374F3 /* FeedUIHeaderViewModel.swift */; };
		924262EE268CB1A0003374F3 /* FeedImageCollectionViewModel.swift in Sources */ = {isa = PBXBuildFile; fileRef = 924262ED268CB1A0003374F3 /* FeedImageCollectionViewModel.swift */; };
		924262F0268CB986003374F3 /* FeedDataInfo.swift in Sources */ = {isa = PBXBuildFile; fileRef = 924262EF268CB986003374F3 /* FeedDataInfo.swift */; };
		924262F2268CB9C8003374F3 /* FeedDataRequest.swift in Sources */ = {isa = PBXBuildFile; fileRef = 924262F1268CB9C8003374F3 /* FeedDataRequest.swift */; };
		924262F4268CD3F7003374F3 /* AttrTextView.swift in Sources */ = {isa = PBXBuildFile; fileRef = 924262F3268CD3F7003374F3 /* AttrTextView.swift */; };
		929F6D43266DE2E20008CA69 /* ImageCache.swift in Sources */ = {isa = PBXBuildFile; fileRef = 929F6D42266DE2E20008CA69 /* ImageCache.swift */; };
		929F6E3C266DE3C40008CA69 /* ImageURLProtocol.swift in Sources */ = {isa = PBXBuildFile; fileRef = 929F6E3B266DE3C40008CA69 /* ImageURLProtocol.swift */; };
		92A7032F267499BC00C526F9 /* UIScrollView+BottomRefreshControl.m in Sources */ = {isa = PBXBuildFile; fileRef = 92A7032D267499BB00C526F9 /* UIScrollView+BottomRefreshControl.m */; };
		92A703312675C2B700C526F9 /* UIExtensions.swift in Sources */ = {isa = PBXBuildFile; fileRef = 92A703302675C2B700C526F9 /* UIExtensions.swift */; };
		92A7033426783B9100C526F9 /* ImageQueueProvider.swift in Sources */ = {isa = PBXBuildFile; fileRef = 92A7033326783B9100C526F9 /* ImageQueueProvider.swift */; };
		92A7033626783BB600C526F9 /* SequentialBackgroundView.swift in Sources */ = {isa = PBXBuildFile; fileRef = 92A7033526783BB600C526F9 /* SequentialBackgroundView.swift */; };
		92A7033926783C4000C526F9 /* ActualGradientButton.swift in Sources */ = {isa = PBXBuildFile; fileRef = 92A7033826783C4000C526F9 /* ActualGradientButton.swift */; };
		92A7033B2678959B00C526F9 /* HomeInteractor+Navigator+Presenter.swift in Sources */ = {isa = PBXBuildFile; fileRef = 92A7033A2678959B00C526F9 /* HomeInteractor+Navigator+Presenter.swift */; };
		92A7033F2679085100C526F9 /* FeedUIViewModel.swift in Sources */ = {isa = PBXBuildFile; fileRef = 92A7033E2679085000C526F9 /* FeedUIViewModel.swift */; };
		92A703412679C66A00C526F9 /* FeedUICategoryCollectionView.swift in Sources */ = {isa = PBXBuildFile; fileRef = 92A703402679C66A00C526F9 /* FeedUICategoryCollectionView.swift */; };
		92AC76E22665D43000239211 /* FeedDataSource.swift in Sources */ = {isa = PBXBuildFile; fileRef = 92AC76DE2665D43000239211 /* FeedDataSource.swift */; };
		92AC76E32665D43000239211 /* FeedViewController.swift in Sources */ = {isa = PBXBuildFile; fileRef = 92AC76DF2665D43000239211 /* FeedViewController.swift */; };
		92AC76E42665D43000239211 /* VideoCollectionViewCell.swift in Sources */ = {isa = PBXBuildFile; fileRef = 92AC76E02665D43000239211 /* VideoCollectionViewCell.swift */; };
		92AE5711266F4F5500DD163B /* Extensions.swift in Sources */ = {isa = PBXBuildFile; fileRef = 92AE5710266F4F5500DD163B /* Extensions.swift */; };
		92AE57162670B4CB00DD163B /* FeedUICategoryCell.swift in Sources */ = {isa = PBXBuildFile; fileRef = 92AE57152670B4CB00DD163B /* FeedUICategoryCell.swift */; };
		92DFCB5326847C4C0020C3AC /* BindableObject.swift in Sources */ = {isa = PBXBuildFile; fileRef = 92DFCB5226847C4C0020C3AC /* BindableObject.swift */; };
/* End PBXBuildFile section */

/* Begin PBXContainerItemProxy section */
		1F0173292681ACEE00D167A7 /* PBXContainerItemProxy */ = {
			isa = PBXContainerItemProxy;
			containerPortal = 92307512265B664700D411B2 /* Project object */;
			proxyType = 1;
			remoteGlobalIDString = 92307519265B664700D411B2;
			remoteInfo = FeedUI;
		};
/* End PBXContainerItemProxy section */

/* Begin PBXFileReference section */
		1F0172FC268161FC00D167A7 /* HTTPLoader.swift */ = {isa = PBXFileReference; fileEncoding = 4; lastKnownFileType = sourcecode.swift; path = HTTPLoader.swift; sourceTree = "<group>"; };
		1F0172FE2681620200D167A7 /* VideoLoader.swift */ = {isa = PBXFileReference; fileEncoding = 4; lastKnownFileType = sourcecode.swift; path = VideoLoader.swift; sourceTree = "<group>"; };
		1F0173242681ACEE00D167A7 /* HTTPLoaderTests.xctest */ = {isa = PBXFileReference; explicitFileType = wrapper.cfbundle; includeInIndex = 0; path = HTTPLoaderTests.xctest; sourceTree = BUILT_PRODUCTS_DIR; };
		1F0173262681ACEE00D167A7 /* HTTPLoaderTests.swift */ = {isa = PBXFileReference; lastKnownFileType = sourcecode.swift; path = HTTPLoaderTests.swift; sourceTree = "<group>"; };
		1F0173282681ACEE00D167A7 /* Info.plist */ = {isa = PBXFileReference; lastKnownFileType = text.plist.xml; path = Info.plist; sourceTree = "<group>"; };
		1F089DFD26B93ED400B01B62 /* PlayerInfo.swift */ = {isa = PBXFileReference; lastKnownFileType = sourcecode.swift; path = PlayerInfo.swift; sourceTree = "<group>"; };
		1F089DFF26B93EFB00B01B62 /* PlayerObserver.swift */ = {isa = PBXFileReference; lastKnownFileType = sourcecode.swift; path = PlayerObserver.swift; sourceTree = "<group>"; };
		1FC9F5212684584500EB5865 /* HTTPFileLoader.swift */ = {isa = PBXFileReference; lastKnownFileType = sourcecode.swift; path = HTTPFileLoader.swift; sourceTree = "<group>"; };
		1FC9F523268468B900EB5865 /* HTTPRequest.swift */ = {isa = PBXFileReference; lastKnownFileType = sourcecode.swift; path = HTTPRequest.swift; sourceTree = "<group>"; };
		1FC9F525268482C700EB5865 /* VideoCollectionViewModel.swift */ = {isa = PBXFileReference; lastKnownFileType = sourcecode.swift; path = VideoCollectionViewModel.swift; sourceTree = "<group>"; };
		1FC9F5272684875D00EB5865 /* VideoCache.swift */ = {isa = PBXFileReference; lastKnownFileType = sourcecode.swift; path = VideoCache.swift; sourceTree = "<group>"; };
		1FC9F52926861EAF00EB5865 /* PlayerManager.swift */ = {isa = PBXFileReference; lastKnownFileType = sourcecode.swift; path = PlayerManager.swift; sourceTree = "<group>"; };
		1FF2E87C26B291D3004DDC1C /* VideoCollectionViewModelOld.swift */ = {isa = PBXFileReference; lastKnownFileType = sourcecode.swift; path = VideoCollectionViewModelOld.swift; sourceTree = "<group>"; };
		9229FBD42660F4D5009BA67D /* HomeViewController.swift */ = {isa = PBXFileReference; lastKnownFileType = sourcecode.swift; path = HomeViewController.swift; sourceTree = "<group>"; };
		9230751A265B664700D411B2 /* FeedUI.app */ = {isa = PBXFileReference; explicitFileType = wrapper.application; includeInIndex = 0; path = FeedUI.app; sourceTree = BUILT_PRODUCTS_DIR; };
		9230751D265B664700D411B2 /* AppDelegate.swift */ = {isa = PBXFileReference; lastKnownFileType = sourcecode.swift; path = AppDelegate.swift; sourceTree = "<group>"; };
		92307526265B664800D411B2 /* Preview Assets.xcassets */ = {isa = PBXFileReference; lastKnownFileType = folder.assetcatalog; path = "Preview Assets.xcassets"; sourceTree = "<group>"; };
		92307529265B664800D411B2 /* Base */ = {isa = PBXFileReference; lastKnownFileType = file.storyboard; name = Base; path = Base.lproj/LaunchScreen.storyboard; sourceTree = "<group>"; };
		9230752B265B664800D411B2 /* Info.plist */ = {isa = PBXFileReference; lastKnownFileType = text.plist.xml; path = Info.plist; sourceTree = "<group>"; };
		92307539265B997D00D411B2 /* FeedUIImageCollectionView.swift */ = {isa = PBXFileReference; lastKnownFileType = sourcecode.swift; path = FeedUIImageCollectionView.swift; sourceTree = "<group>"; };
		9230753B265B9A9D00D411B2 /* PinterestLayout.swift */ = {isa = PBXFileReference; fileEncoding = 4; lastKnownFileType = sourcecode.swift; path = PinterestLayout.swift; sourceTree = "<group>"; };
		9230753D265B9B9500D411B2 /* FeedUIImageCell.swift */ = {isa = PBXFileReference; fileEncoding = 4; lastKnownFileType = sourcecode.swift; path = FeedUIImageCell.swift; sourceTree = "<group>"; };
		92307543265C9B7A00D411B2 /* Assets.xcassets */ = {isa = PBXFileReference; lastKnownFileType = folder.assetcatalog; path = Assets.xcassets; sourceTree = "<group>"; };
		92307572265E22FB00D411B2 /* FeedUIController.swift */ = {isa = PBXFileReference; lastKnownFileType = sourcecode.swift; path = FeedUIController.swift; sourceTree = "<group>"; };
		92307574265E23E800D411B2 /* FeedUIHeaderStackView.swift */ = {isa = PBXFileReference; lastKnownFileType = sourcecode.swift; path = FeedUIHeaderStackView.swift; sourceTree = "<group>"; };
		924262E9268CAFC5003374F3 /* C.swift */ = {isa = PBXFileReference; lastKnownFileType = sourcecode.swift; path = C.swift; sourceTree = "<group>"; };
		924262EB268CB15E003374F3 /* FeedUIHeaderViewModel.swift */ = {isa = PBXFileReference; lastKnownFileType = sourcecode.swift; path = FeedUIHeaderViewModel.swift; sourceTree = "<group>"; };
		924262ED268CB1A0003374F3 /* FeedImageCollectionViewModel.swift */ = {isa = PBXFileReference; lastKnownFileType = sourcecode.swift; path = FeedImageCollectionViewModel.swift; sourceTree = "<group>"; };
		924262EF268CB986003374F3 /* FeedDataInfo.swift */ = {isa = PBXFileReference; lastKnownFileType = sourcecode.swift; path = FeedDataInfo.swift; sourceTree = "<group>"; };
		924262F1268CB9C8003374F3 /* FeedDataRequest.swift */ = {isa = PBXFileReference; lastKnownFileType = sourcecode.swift; path = FeedDataRequest.swift; sourceTree = "<group>"; };
		924262F3268CD3F7003374F3 /* AttrTextView.swift */ = {isa = PBXFileReference; lastKnownFileType = sourcecode.swift; path = AttrTextView.swift; sourceTree = "<group>"; };
		929F6D42266DE2E20008CA69 /* ImageCache.swift */ = {isa = PBXFileReference; fileEncoding = 4; lastKnownFileType = sourcecode.swift; path = ImageCache.swift; sourceTree = "<group>"; };
		929F6E3B266DE3C40008CA69 /* ImageURLProtocol.swift */ = {isa = PBXFileReference; fileEncoding = 4; lastKnownFileType = sourcecode.swift; path = ImageURLProtocol.swift; sourceTree = "<group>"; };
		92A7032C267499BB00C526F9 /* FeedUI-Bridging-Header.h */ = {isa = PBXFileReference; lastKnownFileType = sourcecode.c.h; path = "FeedUI-Bridging-Header.h"; sourceTree = "<group>"; };
		92A7032D267499BB00C526F9 /* UIScrollView+BottomRefreshControl.m */ = {isa = PBXFileReference; fileEncoding = 4; lastKnownFileType = sourcecode.c.objc; path = "UIScrollView+BottomRefreshControl.m"; sourceTree = "<group>"; };
		92A7032E267499BC00C526F9 /* UIScrollView+BottomRefreshControl.h */ = {isa = PBXFileReference; fileEncoding = 4; lastKnownFileType = sourcecode.c.h; path = "UIScrollView+BottomRefreshControl.h"; sourceTree = "<group>"; };
		92A703302675C2B700C526F9 /* UIExtensions.swift */ = {isa = PBXFileReference; lastKnownFileType = sourcecode.swift; path = UIExtensions.swift; sourceTree = "<group>"; };
		92A7033326783B9100C526F9 /* ImageQueueProvider.swift */ = {isa = PBXFileReference; lastKnownFileType = sourcecode.swift; path = ImageQueueProvider.swift; sourceTree = "<group>"; };
		92A7033526783BB600C526F9 /* SequentialBackgroundView.swift */ = {isa = PBXFileReference; lastKnownFileType = sourcecode.swift; path = SequentialBackgroundView.swift; sourceTree = "<group>"; };
		92A7033826783C4000C526F9 /* ActualGradientButton.swift */ = {isa = PBXFileReference; lastKnownFileType = sourcecode.swift; path = ActualGradientButton.swift; sourceTree = "<group>"; };
		92A7033A2678959B00C526F9 /* HomeInteractor+Navigator+Presenter.swift */ = {isa = PBXFileReference; lastKnownFileType = sourcecode.swift; path = "HomeInteractor+Navigator+Presenter.swift"; sourceTree = "<group>"; };
		92A7033E2679085000C526F9 /* FeedUIViewModel.swift */ = {isa = PBXFileReference; lastKnownFileType = sourcecode.swift; path = FeedUIViewModel.swift; sourceTree = "<group>"; };
		92A703402679C66A00C526F9 /* FeedUICategoryCollectionView.swift */ = {isa = PBXFileReference; lastKnownFileType = sourcecode.swift; path = FeedUICategoryCollectionView.swift; sourceTree = "<group>"; };
		92AC76DE2665D43000239211 /* FeedDataSource.swift */ = {isa = PBXFileReference; fileEncoding = 4; lastKnownFileType = sourcecode.swift; path = FeedDataSource.swift; sourceTree = "<group>"; };
		92AC76DF2665D43000239211 /* FeedViewController.swift */ = {isa = PBXFileReference; fileEncoding = 4; lastKnownFileType = sourcecode.swift; path = FeedViewController.swift; sourceTree = "<group>"; };
		92AC76E02665D43000239211 /* VideoCollectionViewCell.swift */ = {isa = PBXFileReference; fileEncoding = 4; lastKnownFileType = sourcecode.swift; path = VideoCollectionViewCell.swift; sourceTree = "<group>"; };
		92AE5710266F4F5500DD163B /* Extensions.swift */ = {isa = PBXFileReference; lastKnownFileType = sourcecode.swift; path = Extensions.swift; sourceTree = "<group>"; };
		92AE57152670B4CB00DD163B /* FeedUICategoryCell.swift */ = {isa = PBXFileReference; lastKnownFileType = sourcecode.swift; path = FeedUICategoryCell.swift; sourceTree = "<group>"; };
		92DFCB5226847C4C0020C3AC /* BindableObject.swift */ = {isa = PBXFileReference; lastKnownFileType = sourcecode.swift; path = BindableObject.swift; sourceTree = "<group>"; };
/* End PBXFileReference section */

/* Begin PBXFrameworksBuildPhase section */
		1F0173212681ACEE00D167A7 /* Frameworks */ = {
			isa = PBXFrameworksBuildPhase;
			buildActionMask = 2147483647;
			files = (
			);
			runOnlyForDeploymentPostprocessing = 0;
		};
		92307517265B664700D411B2 /* Frameworks */ = {
			isa = PBXFrameworksBuildPhase;
			buildActionMask = 2147483647;
			files = (
			);
			runOnlyForDeploymentPostprocessing = 0;
		};
/* End PBXFrameworksBuildPhase section */

/* Begin PBXGroup section */
		1F0173252681ACEE00D167A7 /* HTTPLoaderTests */ = {
			isa = PBXGroup;
			children = (
				1F0173262681ACEE00D167A7 /* HTTPLoaderTests.swift */,
				1F0173282681ACEE00D167A7 /* Info.plist */,
			);
			path = HTTPLoaderTests;
			sourceTree = "<group>";
		};
		92307511265B664700D411B2 = {
			isa = PBXGroup;
			children = (
				92307541265C9B7100D411B2 /* Assets */,
				9230751C265B664700D411B2 /* FeedUI */,
				1F0173252681ACEE00D167A7 /* HTTPLoaderTests */,
				9230751B265B664700D411B2 /* Products */,
			);
			sourceTree = "<group>";
		};
		9230751B265B664700D411B2 /* Products */ = {
			isa = PBXGroup;
			children = (
				9230751A265B664700D411B2 /* FeedUI.app */,
				1F0173242681ACEE00D167A7 /* HTTPLoaderTests.xctest */,
			);
			name = Products;
			sourceTree = "<group>";
		};
		9230751C265B664700D411B2 /* FeedUI */ = {
			isa = PBXGroup;
			children = (
				92A7033726783C1E00C526F9 /* Components */,
				92A7033226783B7D00C526F9 /* Home */,
				92AC76DC2665D41600239211 /* FeedVideo */,
				92AE57122670B34800DD163B /* FeedUI */,
				92AE57142670B3D900DD163B /* Sources */,
				92AE57132670B36300DD163B /* Utils */,
				9230751D265B664700D411B2 /* AppDelegate.swift */,
				92307528265B664800D411B2 /* LaunchScreen.storyboard */,
				9230752B265B664800D411B2 /* Info.plist */,
				92307525265B664800D411B2 /* Preview Content */,
			);
			path = FeedUI;
			sourceTree = "<group>";
		};
		92307525265B664800D411B2 /* Preview Content */ = {
			isa = PBXGroup;
			children = (
				92307526265B664800D411B2 /* Preview Assets.xcassets */,
			);
			path = "Preview Content";
			sourceTree = "<group>";
		};
		92307541265C9B7100D411B2 /* Assets */ = {
			isa = PBXGroup;
			children = (
				92307543265C9B7A00D411B2 /* Assets.xcassets */,
			);
			path = Assets;
			sourceTree = "<group>";
		};
		92A7033226783B7D00C526F9 /* Home */ = {
			isa = PBXGroup;
			children = (
				92A7033A2678959B00C526F9 /* HomeInteractor+Navigator+Presenter.swift */,
				9229FBD42660F4D5009BA67D /* HomeViewController.swift */,
				92A7033326783B9100C526F9 /* ImageQueueProvider.swift */,
				92A7033526783BB600C526F9 /* SequentialBackgroundView.swift */,
			);
			path = Home;
			sourceTree = "<group>";
		};
		92A7033726783C1E00C526F9 /* Components */ = {
			isa = PBXGroup;
			children = (
				92A7033826783C4000C526F9 /* ActualGradientButton.swift */,
			);
			path = Components;
			sourceTree = "<group>";
		};
		92AC76DC2665D41600239211 /* FeedVideo */ = {
			isa = PBXGroup;
			children = (
				92AC76DF2665D43000239211 /* FeedViewController.swift */,
				1FC9F5212684584500EB5865 /* HTTPFileLoader.swift */,
				1F0172FC268161FC00D167A7 /* HTTPLoader.swift */,
				1FC9F523268468B900EB5865 /* HTTPRequest.swift */,
				92AC76E02665D43000239211 /* VideoCollectionViewCell.swift */,
				1FC9F525268482C700EB5865 /* VideoCollectionViewModel.swift */,
				1FF2E87C26B291D3004DDC1C /* VideoCollectionViewModelOld.swift */,
				1FC9F52926861EAF00EB5865 /* PlayerManager.swift */,
				1F089DFF26B93EFB00B01B62 /* PlayerObserver.swift */,
				1F089DFD26B93ED400B01B62 /* PlayerInfo.swift */,
				1FC9F5272684875D00EB5865 /* VideoCache.swift */,
				1F0172FE2681620200D167A7 /* VideoLoader.swift */,
			);
			path = FeedVideo;
			sourceTree = "<group>";
		};
		92AE57122670B34800DD163B /* FeedUI */ = {
			isa = PBXGroup;
			children = (
				9230753D265B9B9500D411B2 /* FeedUIImageCell.swift */,
				92307539265B997D00D411B2 /* FeedUIImageCollectionView.swift */,
				92AE57152670B4CB00DD163B /* FeedUICategoryCell.swift */,
				92307574265E23E800D411B2 /* FeedUIHeaderStackView.swift */,
				92307572265E22FB00D411B2 /* FeedUIController.swift */,
				92A703402679C66A00C526F9 /* FeedUICategoryCollectionView.swift */,
				92A7033E2679085000C526F9 /* FeedUIViewModel.swift */,
				9230753B265B9A9D00D411B2 /* PinterestLayout.swift */,
				924262EB268CB15E003374F3 /* FeedUIHeaderViewModel.swift */,
				924262ED268CB1A0003374F3 /* FeedImageCollectionViewModel.swift */,
			);
			path = FeedUI;
			sourceTree = "<group>";
		};
		92AE57132670B36300DD163B /* Utils */ = {
			isa = PBXGroup;
			children = (
				92DFCB5226847C4C0020C3AC /* BindableObject.swift */,
				92AE5710266F4F5500DD163B /* Extensions.swift */,
				92A7032C267499BB00C526F9 /* FeedUI-Bridging-Header.h */,
				929F6D42266DE2E20008CA69 /* ImageCache.swift */,
				929F6E3B266DE3C40008CA69 /* ImageURLProtocol.swift */,
				92A703302675C2B700C526F9 /* UIExtensions.swift */,
				92A7032E267499BC00C526F9 /* UIScrollView+BottomRefreshControl.h */,
				92A7032D267499BB00C526F9 /* UIScrollView+BottomRefreshControl.m */,
				924262E9268CAFC5003374F3 /* C.swift */,
				924262F3268CD3F7003374F3 /* AttrTextView.swift */,
			);
			path = Utils;
			sourceTree = "<group>";
		};
		92AE57142670B3D900DD163B /* Sources */ = {
			isa = PBXGroup;
			children = (
				92AC76DE2665D43000239211 /* FeedDataSource.swift */,
				924262EF268CB986003374F3 /* FeedDataInfo.swift */,
				924262F1268CB9C8003374F3 /* FeedDataRequest.swift */,
			);
			path = Sources;
			sourceTree = "<group>";
		};
/* End PBXGroup section */

/* Begin PBXNativeTarget section */
		1F0173232681ACEE00D167A7 /* HTTPLoaderTests */ = {
			isa = PBXNativeTarget;
			buildConfigurationList = 1F01732B2681ACEE00D167A7 /* Build configuration list for PBXNativeTarget "HTTPLoaderTests" */;
			buildPhases = (
				1F0173202681ACEE00D167A7 /* Sources */,
				1F0173212681ACEE00D167A7 /* Frameworks */,
				1F0173222681ACEE00D167A7 /* Resources */,
			);
			buildRules = (
			);
			dependencies = (
				1F01732A2681ACEE00D167A7 /* PBXTargetDependency */,
			);
			name = HTTPLoaderTests;
			productName = HTTPLoaderTests;
			productReference = 1F0173242681ACEE00D167A7 /* HTTPLoaderTests.xctest */;
			productType = "com.apple.product-type.bundle.unit-test";
		};
		92307519265B664700D411B2 /* FeedUI */ = {
			isa = PBXNativeTarget;
			buildConfigurationList = 9230752E265B664800D411B2 /* Build configuration list for PBXNativeTarget "FeedUI" */;
			buildPhases = (
				92307516265B664700D411B2 /* Sources */,
				92307517265B664700D411B2 /* Frameworks */,
				92307518265B664700D411B2 /* Resources */,
			);
			buildRules = (
			);
			dependencies = (
			);
			name = FeedUI;
			productName = FeedUI;
			productReference = 9230751A265B664700D411B2 /* FeedUI.app */;
			productType = "com.apple.product-type.application";
		};
/* End PBXNativeTarget section */

/* Begin PBXProject section */
		92307512265B664700D411B2 /* Project object */ = {
			isa = PBXProject;
			attributes = {
				LastSwiftUpdateCheck = 1250;
				LastUpgradeCheck = 1250;
				TargetAttributes = {
					1F0173232681ACEE00D167A7 = {
						CreatedOnToolsVersion = 12.5;
						TestTargetID = 92307519265B664700D411B2;
					};
					92307519265B664700D411B2 = {
						CreatedOnToolsVersion = 12.5;
						LastSwiftMigration = 1250;
					};
				};
			};
			buildConfigurationList = 92307515265B664700D411B2 /* Build configuration list for PBXProject "FeedUI" */;
			compatibilityVersion = "Xcode 9.3";
			developmentRegion = en;
			hasScannedForEncodings = 0;
			knownRegions = (
				en,
				Base,
			);
			mainGroup = 92307511265B664700D411B2;
			productRefGroup = 9230751B265B664700D411B2 /* Products */;
			projectDirPath = "";
			projectRoot = "";
			targets = (
				92307519265B664700D411B2 /* FeedUI */,
				1F0173232681ACEE00D167A7 /* HTTPLoaderTests */,
			);
		};
/* End PBXProject section */

/* Begin PBXResourcesBuildPhase section */
		1F0173222681ACEE00D167A7 /* Resources */ = {
			isa = PBXResourcesBuildPhase;
			buildActionMask = 2147483647;
			files = (
			);
			runOnlyForDeploymentPostprocessing = 0;
		};
		92307518265B664700D411B2 /* Resources */ = {
			isa = PBXResourcesBuildPhase;
			buildActionMask = 2147483647;
			files = (
				9230752A265B664800D411B2 /* LaunchScreen.storyboard in Resources */,
				92307545265C9B7A00D411B2 /* Assets.xcassets in Resources */,
			);
			runOnlyForDeploymentPostprocessing = 0;
		};
/* End PBXResourcesBuildPhase section */

/* Begin PBXSourcesBuildPhase section */
		1F0173202681ACEE00D167A7 /* Sources */ = {
			isa = PBXSourcesBuildPhase;
			buildActionMask = 2147483647;
			files = (
				1F0173272681ACEE00D167A7 /* HTTPLoaderTests.swift in Sources */,
			);
			runOnlyForDeploymentPostprocessing = 0;
		};
		92307516265B664700D411B2 /* Sources */ = {
			isa = PBXSourcesBuildPhase;
			buildActionMask = 2147483647;
			files = (
				1F0172FF2681620200D167A7 /* VideoLoader.swift in Sources */,
				92AC76E22665D43000239211 /* FeedDataSource.swift in Sources */,
				929F6D43266DE2E20008CA69 /* ImageCache.swift in Sources */,
				924262F2268CB9C8003374F3 /* FeedDataRequest.swift in Sources */,
				924262EA268CAFC5003374F3 /* C.swift in Sources */,
				1FC9F5222684584500EB5865 /* HTTPFileLoader.swift in Sources */,
				92307573265E22FB00D411B2 /* FeedUIController.swift in Sources */,
				92A703312675C2B700C526F9 /* UIExtensions.swift in Sources */,
				92AC76E42665D43000239211 /* VideoCollectionViewCell.swift in Sources */,
				9230753E265B9B9500D411B2 /* FeedUIImageCell.swift in Sources */,
				9229FBD52660F4D5009BA67D /* HomeViewController.swift in Sources */,
				92DFCB5326847C4C0020C3AC /* BindableObject.swift in Sources */,
				1F089E0026B93EFB00B01B62 /* PlayerObserver.swift in Sources */,
				92A703412679C66A00C526F9 /* FeedUICategoryCollectionView.swift in Sources */,
				924262EE268CB1A0003374F3 /* FeedImageCollectionViewModel.swift in Sources */,
				929F6E3C266DE3C40008CA69 /* ImageURLProtocol.swift in Sources */,
				924262F0268CB986003374F3 /* FeedDataInfo.swift in Sources */,
				92A7033F2679085100C526F9 /* FeedUIViewModel.swift in Sources */,
				1F0172FD268161FC00D167A7 /* HTTPLoader.swift in Sources */,
				924262EC268CB15E003374F3 /* FeedUIHeaderViewModel.swift in Sources */,
				92A7033626783BB600C526F9 /* SequentialBackgroundView.swift in Sources */,
				92AC76E32665D43000239211 /* FeedViewController.swift in Sources */,
				9230753C265B9A9D00D411B2 /* PinterestLayout.swift in Sources */,
				92A7033426783B9100C526F9 /* ImageQueueProvider.swift in Sources */,
				924262F4268CD3F7003374F3 /* AttrTextView.swift in Sources */,
				92AE5711266F4F5500DD163B /* Extensions.swift in Sources */,
				1FC9F526268482C700EB5865 /* VideoCollectionViewModel.swift in Sources */,
				1FC9F52A26861EAF00EB5865 /* PlayerManager.swift in Sources */,
				92A7033B2678959B00C526F9 /* HomeInteractor+Navigator+Presenter.swift in Sources */,
				1F089DFE26B93ED400B01B62 /* PlayerInfo.swift in Sources */,
				92AE57162670B4CB00DD163B /* FeedUICategoryCell.swift in Sources */,
				92307575265E23E800D411B2 /* FeedUIHeaderStackView.swift in Sources */,
				9230753A265B997D00D411B2 /* FeedUIImageCollectionView.swift in Sources */,
				92A7033926783C4000C526F9 /* ActualGradientButton.swift in Sources */,
				1FC9F524268468B900EB5865 /* HTTPRequest.swift in Sources */,
				9230751E265B664700D411B2 /* AppDelegate.swift in Sources */,
				92A7032F267499BC00C526F9 /* UIScrollView+BottomRefreshControl.m in Sources */,
				1FF2E87D26B291D3004DDC1C /* VideoCollectionViewModelOld.swift in Sources */,
				1FC9F5282684875D00EB5865 /* VideoCache.swift in Sources */,
			);
			runOnlyForDeploymentPostprocessing = 0;
		};
/* End PBXSourcesBuildPhase section */

/* Begin PBXTargetDependency section */
		1F01732A2681ACEE00D167A7 /* PBXTargetDependency */ = {
			isa = PBXTargetDependency;
			target = 92307519265B664700D411B2 /* FeedUI */;
			targetProxy = 1F0173292681ACEE00D167A7 /* PBXContainerItemProxy */;
		};
/* End PBXTargetDependency section */

/* Begin PBXVariantGroup section */
		92307528265B664800D411B2 /* LaunchScreen.storyboard */ = {
			isa = PBXVariantGroup;
			children = (
				92307529265B664800D411B2 /* Base */,
			);
			name = LaunchScreen.storyboard;
			sourceTree = "<group>";
		};
/* End PBXVariantGroup section */

/* Begin XCBuildConfiguration section */
		1F01732C2681ACEE00D167A7 /* Debug */ = {
			isa = XCBuildConfiguration;
			buildSettings = {
				BUNDLE_LOADER = "$(TEST_HOST)";
				CODE_SIGN_STYLE = Automatic;
				DEVELOPMENT_TEAM = ZWL6J6232F;
				INFOPLIST_FILE = HTTPLoaderTests/Info.plist;
				IPHONEOS_DEPLOYMENT_TARGET = 14.5;
				LD_RUNPATH_SEARCH_PATHS = (
					"$(inherited)",
					"@executable_path/Frameworks",
					"@loader_path/Frameworks",
				);
				PRODUCT_BUNDLE_IDENTIFIER = com.jt.HTTPLoaderTests;
				PRODUCT_NAME = "$(TARGET_NAME)";
				SWIFT_VERSION = 5.0;
				TARGETED_DEVICE_FAMILY = "1,2";
				TEST_HOST = "$(BUILT_PRODUCTS_DIR)/FeedUI.app/FeedUI";
			};
			name = Debug;
		};
		1F01732D2681ACEE00D167A7 /* Release */ = {
			isa = XCBuildConfiguration;
			buildSettings = {
				BUNDLE_LOADER = "$(TEST_HOST)";
				CODE_SIGN_STYLE = Automatic;
				DEVELOPMENT_TEAM = ZWL6J6232F;
				INFOPLIST_FILE = HTTPLoaderTests/Info.plist;
				IPHONEOS_DEPLOYMENT_TARGET = 14.5;
				LD_RUNPATH_SEARCH_PATHS = (
					"$(inherited)",
					"@executable_path/Frameworks",
					"@loader_path/Frameworks",
				);
				PRODUCT_BUNDLE_IDENTIFIER = com.jt.HTTPLoaderTests;
				PRODUCT_NAME = "$(TARGET_NAME)";
				SWIFT_VERSION = 5.0;
				TARGETED_DEVICE_FAMILY = "1,2";
				TEST_HOST = "$(BUILT_PRODUCTS_DIR)/FeedUI.app/FeedUI";
			};
			name = Release;
		};
		9230752C265B664800D411B2 /* Debug */ = {
			isa = XCBuildConfiguration;
			buildSettings = {
				ALWAYS_SEARCH_USER_PATHS = NO;
				CLANG_ANALYZER_NONNULL = YES;
				CLANG_ANALYZER_NUMBER_OBJECT_CONVERSION = YES_AGGRESSIVE;
				CLANG_CXX_LANGUAGE_STANDARD = "gnu++14";
				CLANG_CXX_LIBRARY = "libc++";
				CLANG_ENABLE_MODULES = YES;
				CLANG_ENABLE_OBJC_ARC = YES;
				CLANG_ENABLE_OBJC_WEAK = YES;
				CLANG_WARN_BLOCK_CAPTURE_AUTORELEASING = YES;
				CLANG_WARN_BOOL_CONVERSION = YES;
				CLANG_WARN_COMMA = YES;
				CLANG_WARN_CONSTANT_CONVERSION = YES;
				CLANG_WARN_DEPRECATED_OBJC_IMPLEMENTATIONS = YES;
				CLANG_WARN_DIRECT_OBJC_ISA_USAGE = YES_ERROR;
				CLANG_WARN_DOCUMENTATION_COMMENTS = YES;
				CLANG_WARN_EMPTY_BODY = YES;
				CLANG_WARN_ENUM_CONVERSION = YES;
				CLANG_WARN_INFINITE_RECURSION = YES;
				CLANG_WARN_INT_CONVERSION = YES;
				CLANG_WARN_NON_LITERAL_NULL_CONVERSION = YES;
				CLANG_WARN_OBJC_IMPLICIT_RETAIN_SELF = YES;
				CLANG_WARN_OBJC_LITERAL_CONVERSION = YES;
				CLANG_WARN_OBJC_ROOT_CLASS = YES_ERROR;
				CLANG_WARN_QUOTED_INCLUDE_IN_FRAMEWORK_HEADER = YES;
				CLANG_WARN_RANGE_LOOP_ANALYSIS = YES;
				CLANG_WARN_STRICT_PROTOTYPES = YES;
				CLANG_WARN_SUSPICIOUS_MOVE = YES;
				CLANG_WARN_UNGUARDED_AVAILABILITY = YES_AGGRESSIVE;
				CLANG_WARN_UNREACHABLE_CODE = YES;
				CLANG_WARN__DUPLICATE_METHOD_MATCH = YES;
				COPY_PHASE_STRIP = NO;
				DEBUG_INFORMATION_FORMAT = dwarf;
				ENABLE_STRICT_OBJC_MSGSEND = YES;
				ENABLE_TESTABILITY = YES;
				GCC_C_LANGUAGE_STANDARD = gnu11;
				GCC_DYNAMIC_NO_PIC = NO;
				GCC_NO_COMMON_BLOCKS = YES;
				GCC_OPTIMIZATION_LEVEL = 0;
				GCC_PREPROCESSOR_DEFINITIONS = (
					"DEBUG=1",
					"$(inherited)",
				);
				GCC_WARN_64_TO_32_BIT_CONVERSION = YES;
				GCC_WARN_ABOUT_RETURN_TYPE = YES_ERROR;
				GCC_WARN_UNDECLARED_SELECTOR = YES;
				GCC_WARN_UNINITIALIZED_AUTOS = YES_AGGRESSIVE;
				GCC_WARN_UNUSED_FUNCTION = YES;
				GCC_WARN_UNUSED_VARIABLE = YES;
				IPHONEOS_DEPLOYMENT_TARGET = 12.3;
				MTL_ENABLE_DEBUG_INFO = INCLUDE_SOURCE;
				MTL_FAST_MATH = YES;
				ONLY_ACTIVE_ARCH = YES;
				SDKROOT = iphoneos;
				SWIFT_ACTIVE_COMPILATION_CONDITIONS = DEBUG;
				SWIFT_OPTIMIZATION_LEVEL = "-Onone";
			};
			name = Debug;
		};
		9230752D265B664800D411B2 /* Release */ = {
			isa = XCBuildConfiguration;
			buildSettings = {
				ALWAYS_SEARCH_USER_PATHS = NO;
				CLANG_ANALYZER_NONNULL = YES;
				CLANG_ANALYZER_NUMBER_OBJECT_CONVERSION = YES_AGGRESSIVE;
				CLANG_CXX_LANGUAGE_STANDARD = "gnu++14";
				CLANG_CXX_LIBRARY = "libc++";
				CLANG_ENABLE_MODULES = YES;
				CLANG_ENABLE_OBJC_ARC = YES;
				CLANG_ENABLE_OBJC_WEAK = YES;
				CLANG_WARN_BLOCK_CAPTURE_AUTORELEASING = YES;
				CLANG_WARN_BOOL_CONVERSION = YES;
				CLANG_WARN_COMMA = YES;
				CLANG_WARN_CONSTANT_CONVERSION = YES;
				CLANG_WARN_DEPRECATED_OBJC_IMPLEMENTATIONS = YES;
				CLANG_WARN_DIRECT_OBJC_ISA_USAGE = YES_ERROR;
				CLANG_WARN_DOCUMENTATION_COMMENTS = YES;
				CLANG_WARN_EMPTY_BODY = YES;
				CLANG_WARN_ENUM_CONVERSION = YES;
				CLANG_WARN_INFINITE_RECURSION = YES;
				CLANG_WARN_INT_CONVERSION = YES;
				CLANG_WARN_NON_LITERAL_NULL_CONVERSION = YES;
				CLANG_WARN_OBJC_IMPLICIT_RETAIN_SELF = YES;
				CLANG_WARN_OBJC_LITERAL_CONVERSION = YES;
				CLANG_WARN_OBJC_ROOT_CLASS = YES_ERROR;
				CLANG_WARN_QUOTED_INCLUDE_IN_FRAMEWORK_HEADER = YES;
				CLANG_WARN_RANGE_LOOP_ANALYSIS = YES;
				CLANG_WARN_STRICT_PROTOTYPES = YES;
				CLANG_WARN_SUSPICIOUS_MOVE = YES;
				CLANG_WARN_UNGUARDED_AVAILABILITY = YES_AGGRESSIVE;
				CLANG_WARN_UNREACHABLE_CODE = YES;
				CLANG_WARN__DUPLICATE_METHOD_MATCH = YES;
				COPY_PHASE_STRIP = NO;
				DEBUG_INFORMATION_FORMAT = "dwarf-with-dsym";
				ENABLE_NS_ASSERTIONS = NO;
				ENABLE_STRICT_OBJC_MSGSEND = YES;
				GCC_C_LANGUAGE_STANDARD = gnu11;
				GCC_NO_COMMON_BLOCKS = YES;
				GCC_WARN_64_TO_32_BIT_CONVERSION = YES;
				GCC_WARN_ABOUT_RETURN_TYPE = YES_ERROR;
				GCC_WARN_UNDECLARED_SELECTOR = YES;
				GCC_WARN_UNINITIALIZED_AUTOS = YES_AGGRESSIVE;
				GCC_WARN_UNUSED_FUNCTION = YES;
				GCC_WARN_UNUSED_VARIABLE = YES;
				IPHONEOS_DEPLOYMENT_TARGET = 12.3;
				MTL_ENABLE_DEBUG_INFO = NO;
				MTL_FAST_MATH = YES;
				SDKROOT = iphoneos;
				SWIFT_COMPILATION_MODE = wholemodule;
				SWIFT_OPTIMIZATION_LEVEL = "-O";
				VALIDATE_PRODUCT = YES;
			};
			name = Release;
		};
		9230752F265B664800D411B2 /* Debug */ = {
			isa = XCBuildConfiguration;
			buildSettings = {
				ASSETCATALOG_COMPILER_APPICON_NAME = AppIcon;
				ASSETCATALOG_COMPILER_GLOBAL_ACCENT_COLOR_NAME = AccentColor;
				CLANG_ENABLE_MODULES = YES;
				CODE_SIGN_STYLE = Automatic;
				DEVELOPMENT_ASSET_PATHS = "\"FeedUI/Preview Content\"";
				DEVELOPMENT_TEAM = CRN9BKF7KH;
				ENABLE_PREVIEWS = YES;
				INFOPLIST_FILE = FeedUI/Info.plist;
				LD_RUNPATH_SEARCH_PATHS = (
					"$(inherited)",
					"@executable_path/Frameworks",
				);
				PRODUCT_BUNDLE_IDENTIFIER = test.ethan.FeedUI2;
				PRODUCT_NAME = "$(TARGET_NAME)";
				SWIFT_OBJC_BRIDGING_HEADER = "FeedUI/Utils/FeedUI-Bridging-Header.h";
				SWIFT_OPTIMIZATION_LEVEL = "-Onone";
				SWIFT_VERSION = 5.0;
				TARGETED_DEVICE_FAMILY = "1,2";
			};
			name = Debug;
		};
		92307530265B664800D411B2 /* Release */ = {
			isa = XCBuildConfiguration;
			buildSettings = {
				ASSETCATALOG_COMPILER_APPICON_NAME = AppIcon;
				ASSETCATALOG_COMPILER_GLOBAL_ACCENT_COLOR_NAME = AccentColor;
				CLANG_ENABLE_MODULES = YES;
				CODE_SIGN_STYLE = Automatic;
				DEVELOPMENT_ASSET_PATHS = "\"FeedUI/Preview Content\"";
				DEVELOPMENT_TEAM = CRN9BKF7KH;
				ENABLE_PREVIEWS = YES;
				INFOPLIST_FILE = FeedUI/Info.plist;
				LD_RUNPATH_SEARCH_PATHS = (
					"$(inherited)",
					"@executable_path/Frameworks",
				);
				PRODUCT_BUNDLE_IDENTIFIER = test.ethan.FeedUI2;
				PRODUCT_NAME = "$(TARGET_NAME)";
				SWIFT_OBJC_BRIDGING_HEADER = "FeedUI/Utils/FeedUI-Bridging-Header.h";
				SWIFT_VERSION = 5.0;
				TARGETED_DEVICE_FAMILY = "1,2";
			};
			name = Release;
		};
/* End XCBuildConfiguration section */

/* Begin XCConfigurationList section */
		1F01732B2681ACEE00D167A7 /* Build configuration list for PBXNativeTarget "HTTPLoaderTests" */ = {
			isa = XCConfigurationList;
			buildConfigurations = (
				1F01732C2681ACEE00D167A7 /* Debug */,
				1F01732D2681ACEE00D167A7 /* Release */,
			);
			defaultConfigurationIsVisible = 0;
			defaultConfigurationName = Release;
		};
		92307515265B664700D411B2 /* Build configuration list for PBXProject "FeedUI" */ = {
			isa = XCConfigurationList;
			buildConfigurations = (
				9230752C265B664800D411B2 /* Debug */,
				9230752D265B664800D411B2 /* Release */,
			);
			defaultConfigurationIsVisible = 0;
			defaultConfigurationName = Release;
		};
		9230752E265B664800D411B2 /* Build configuration list for PBXNativeTarget "FeedUI" */ = {
			isa = XCConfigurationList;
			buildConfigurations = (
				9230752F265B664800D411B2 /* Debug */,
				92307530265B664800D411B2 /* Release */,
			);
			defaultConfigurationIsVisible = 0;
			defaultConfigurationName = Release;
		};
/* End XCConfigurationList section */
	};
	rootObject = 92307512265B664700D411B2 /* Project object */;
}
